
Microsoft Visual Studio Solution File, Format Version 9.00
# Visual Studio 2005
Project("{8BC9CEB8-8B4A-11D0-8D11-00A0C91BC942}") = "bmp_editor", "bmp_editor.vcproj", "{E15F8C97-125E-4926-B237-CA1FA7412F21}"
EndProject
Global
	GlobalSection(SolutionConfigurationPlatforms) = preSolution
		Debug|Win32 = Debug|Win32
		Release|Win32 = Release|Win32
	EndGlobalSection
	GlobalSection(ProjectConfigurationPlatforms) = postSolution
		{E15F8C97-125E-4926-B237-CA1FA7412F21}.Debug|Win32.ActiveCfg = Debug|Win32
		{E15F8C97-125E-4926-B237-CA1FA7412F21}.Debug|Win32.Build.0 = Debug|Win32
		{E15F8C97-125E-4926-B237-CA1FA7412F21}.Release|Win32.ActiveCfg = Release|Win32
		{E15F8C97-125E-4926-B237-CA1FA7412F21}.Release|Win32.Build.0 = Release|Win32
	EndGlobalSection
	GlobalSection(SolutionProperties) = preSolution
		HideSolutionNode = FALSE
	EndGlobalSection
EndGlobal
